
Microsoft Visual Studio Solution File, Format Version 12.00
Project("{FAE04EC0-301F-11D3-BF4B-00C04F79EFBC}") = "ProjectForTest", "ProjectForTest\ProjectForTest.csproj", "{A4515FEE-8CD4-4790-8B5C-81D80BB398DB}"
EndProject
Project("{FAE04EC0-301F-11D3-BF4B-00C04F79EFBC}") = "ExcelEncryptor", "ExcelEncryptor\ExcelEncryptor.csproj", "{861E9922-980D-4584-8E8D-9F2180CFD566}"
EndProject
Project("{FAE04EC0-301F-11D3-BF4B-00C04F79EFBC}") = "NugetCheck", "NugetCheck\NugetCheck.csproj", "{E5E34BE5-8830-42D9-9183-A1CED8C03C64}"
EndProject
Project("{FAE04EC0-301F-11D3-BF4B-00C04F79EFBC}") = "ForNPOIDevelop", "ForNPOIDevelop\ForNPOIDevelop.csproj", "{DE5EF9ED-CE8C-4688-987C-91354D4F788F}"
EndProject
Global
	GlobalSection(SolutionConfigurationPlatforms) = preSolution
		Debug|Any CPU = Debug|Any CPU
		Release|Any CPU = Release|Any CPU
	EndGlobalSection
	GlobalSection(ProjectConfigurationPlatforms) = postSolution
		{A4515FEE-8CD4-4790-8B5C-81D80BB398DB}.Debug|Any CPU.ActiveCfg = Debug|Any CPU
		{A4515FEE-8CD4-4790-8B5C-81D80BB398DB}.Debug|Any CPU.Build.0 = Debug|Any CPU
		{A4515FEE-8CD4-4790-8B5C-81D80BB398DB}.Release|Any CPU.ActiveCfg = Release|Any CPU
		{A4515FEE-8CD4-4790-8B5C-81D80BB398DB}.Release|Any CPU.Build.0 = Release|Any CPU
		{861E9922-980D-4584-8E8D-9F2180CFD566}.Debug|Any CPU.ActiveCfg = Debug|Any CPU
		{861E9922-980D-4584-8E8D-9F2180CFD566}.Debug|Any CPU.Build.0 = Debug|Any CPU
		{861E9922-980D-4584-8E8D-9F2180CFD566}.Release|Any CPU.ActiveCfg = Release|Any CPU
		{861E9922-980D-4584-8E8D-9F2180CFD566}.Release|Any CPU.Build.0 = Release|Any CPU
		{E5E34BE5-8830-42D9-9183-A1CED8C03C64}.Debug|Any CPU.ActiveCfg = Debug|Any CPU
		{E5E34BE5-8830-42D9-9183-A1CED8C03C64}.Debug|Any CPU.Build.0 = Debug|Any CPU
		{E5E34BE5-8830-42D9-9183-A1CED8C03C64}.Release|Any CPU.ActiveCfg = Release|Any CPU
		{E5E34BE5-8830-42D9-9183-A1CED8C03C64}.Release|Any CPU.Build.0 = Release|Any CPU
		{DE5EF9ED-CE8C-4688-987C-91354D4F788F}.Debug|Any CPU.ActiveCfg = Debug|Any CPU
		{DE5EF9ED-CE8C-4688-987C-91354D4F788F}.Debug|Any CPU.Build.0 = Debug|Any CPU
		{DE5EF9ED-CE8C-4688-987C-91354D4F788F}.Release|Any CPU.ActiveCfg = Release|Any CPU
		{DE5EF9ED-CE8C-4688-987C-91354D4F788F}.Release|Any CPU.Build.0 = Release|Any CPU
	EndGlobalSection
EndGlobal
