
Microsoft Visual Studio Solution File, Format Version 12.00
Project("{FAE04EC0-301F-11D3-BF4B-00C04F79EFBC}") = "ProjectForTest", "samples\ProjectForTest\ProjectForTest.csproj", "{A4515FEE-8CD4-4790-8B5C-81D80BB398DB}"
EndProject
Project("{FAE04EC0-301F-11D3-BF4B-00C04F79EFBC}") = "ExcelEncryptor", "src\ExcelEncryptor\ExcelEncryptor.csproj", "{861E9922-980D-4584-8E8D-9F2180CFD566}"
EndProject
Project("{FAE04EC0-301F-11D3-BF4B-00C04F79EFBC}") = "NugetCheck", "samples\NugetCheck\NugetCheck.csproj", "{E5E34BE5-8830-42D9-9183-A1CED8C03C64}"
EndProject
Project("{FAE04EC0-301F-11D3-BF4B-00C04F79EFBC}") = "ExcelEncryptor.Tests", "tests\ExcelEncryptor.Tests\ExcelEncryptor.Tests.csproj", "{90E910A0-2448-45AB-98AE-604211EAA3CF}"
EndProject
Project("{FAE04EC0-301F-11D3-BF4B-00C04F79EFBC}") = "ExcelEncryptor.Interop.PoiTests", "tests\ExcelEncryptor.Interop.PoiTests\ExcelEncryptor.Interop.PoiTests.csproj", "{8BDB70CE-4926-48B5-8063-76C4D5D18D1F}"
EndProject
Project("{FAE04EC0-301F-11D3-BF4B-00C04F79EFBC}") = "ExcelEncryptor.Interop.Tests", "tests\ExcelEncryptor.Interop.Tests\ExcelEncryptor.Interop.Tests.csproj", "{6C0D8D90-8AB2-4B5E-A4C5-3ED6B2D9B53F}"
EndProject
Global
	GlobalSection(SolutionConfigurationPlatforms) = preSolution
		Debug|Any CPU = Debug|Any CPU
		Release|Any CPU = Release|Any CPU
	EndGlobalSection
	GlobalSection(ProjectConfigurationPlatforms) = postSolution
		{A4515FEE-8CD4-4790-8B5C-81D80BB398DB}.Debug|Any CPU.ActiveCfg = Debug|Any CPU
		{A4515FEE-8CD4-4790-8B5C-81D80BB398DB}.Debug|Any CPU.Build.0 = Debug|Any CPU
		{A4515FEE-8CD4-4790-8B5C-81D80BB398DB}.Release|Any CPU.ActiveCfg = Release|Any CPU
		{A4515FEE-8CD4-4790-8B5C-81D80BB398DB}.Release|Any CPU.Build.0 = Release|Any CPU
		{861E9922-980D-4584-8E8D-9F2180CFD566}.Debug|Any CPU.ActiveCfg = Debug|Any CPU
		{861E9922-980D-4584-8E8D-9F2180CFD566}.Debug|Any CPU.Build.0 = Debug|Any CPU
		{861E9922-980D-4584-8E8D-9F2180CFD566}.Release|Any CPU.ActiveCfg = Release|Any CPU
		{861E9922-980D-4584-8E8D-9F2180CFD566}.Release|Any CPU.Build.0 = Release|Any CPU
		{E5E34BE5-8830-42D9-9183-A1CED8C03C64}.Debug|Any CPU.ActiveCfg = Debug|Any CPU
		{E5E34BE5-8830-42D9-9183-A1CED8C03C64}.Debug|Any CPU.Build.0 = Debug|Any CPU
		{E5E34BE5-8830-42D9-9183-A1CED8C03C64}.Release|Any CPU.ActiveCfg = Release|Any CPU
		{E5E34BE5-8830-42D9-9183-A1CED8C03C64}.Release|Any CPU.Build.0 = Release|Any CPU
		{90E910A0-2448-45AB-98AE-604211EAA3CF}.Debug|Any CPU.ActiveCfg = Debug|Any CPU
		{90E910A0-2448-45AB-98AE-604211EAA3CF}.Debug|Any CPU.Build.0 = Debug|Any CPU
		{90E910A0-2448-45AB-98AE-604211EAA3CF}.Release|Any CPU.ActiveCfg = Release|Any CPU
		{90E910A0-2448-45AB-98AE-604211EAA3CF}.Release|Any CPU.Build.0 = Release|Any CPU
		{8BDB70CE-4926-48B5-8063-76C4D5D18D1F}.Debug|Any CPU.ActiveCfg = Debug|Any CPU
		{8BDB70CE-4926-48B5-8063-76C4D5D18D1F}.Debug|Any CPU.Build.0 = Debug|Any CPU
		{8BDB70CE-4926-48B5-8063-76C4D5D18D1F}.Release|Any CPU.ActiveCfg = Release|Any CPU
		{8BDB70CE-4926-48B5-8063-76C4D5D18D1F}.Release|Any CPU.Build.0 = Release|Any CPU
		{6C0D8D90-8AB2-4B5E-A4C5-3ED6B2D9B53F}.Debug|Any CPU.ActiveCfg = Debug|Any CPU
		{6C0D8D90-8AB2-4B5E-A4C5-3ED6B2D9B53F}.Debug|Any CPU.Build.0 = Debug|Any CPU
		{6C0D8D90-8AB2-4B5E-A4C5-3ED6B2D9B53F}.Release|Any CPU.ActiveCfg = Release|Any CPU
		{6C0D8D90-8AB2-4B5E-A4C5-3ED6B2D9B53F}.Release|Any CPU.Build.0 = Release|Any CPU
	EndGlobalSection
EndGlobal
